{
  "name": "pull_to_refresh",
  "version": "1.0.0",
  "lockfileVersion": 1,
  "requires": true,
  "dependencies": {
    "pulltorefresh": {
      "version": "0.1.1",
      "resolved": "https://registry.npmjs.org/pulltorefresh/-/pulltorefresh-0.1.1.tgz",
      "integrity": "sha1-SG2SSFBiQJCMmjb1IWb9K54wwjU="
    },
    "pulltorefreshjs": {
      "version": "0.1.14",
      "resolved": "https://registry.npmjs.org/pulltorefreshjs/-/pulltorefreshjs-0.1.14.tgz",
      "integrity": "sha512-3Z6jSXMcb/qsly0A+IOA3LUanF8GeL5XYh81yAoHtq4lLfs3kGAAh8KW6gBbJy/W0NY7G/WTUA+bw0s2Zw1+7Q=="
    }
  }
}
